// !$*UTF8*$!
{
	archiveVersion = 1;
	classes = {
	};
	objectVersion = 56;
	objects = {

/* Begin PBXBuildFile section */
		C83830952AE12EAF00C0BDA2 /* NFCTagDetailsView.swift in Sources */ = {isa = PBXBuildFile; fileRef = C83830942AE12EAF00C0BDA2 /* NFCTagDetailsView.swift */; };
		C83830972AE12EBB00C0BDA2 /* NFCTagDetailsViewModel.swift in Sources */ = {isa = PBXBuildFile; fileRef = C83830962AE12EBB00C0BDA2 /* NFCTagDetailsViewModel.swift */; };
		C83830992AE277AF00C0BDA2 /* NFCISO14443ConnectionManager.swift in Sources */ = {isa = PBXBuildFile; fileRef = C83830982AE277AF00C0BDA2 /* NFCISO14443ConnectionManager.swift */; };
		C838309B2AE294BC00C0BDA2 /* NFCTagDescription.swift in Sources */ = {isa = PBXBuildFile; fileRef = C838309A2AE294BC00C0BDA2 /* NFCTagDescription.swift */; };
		C838309D2AE2972400C0BDA2 /* NFCConnectionController.swift in Sources */ = {isa = PBXBuildFile; fileRef = C838309C2AE2972400C0BDA2 /* NFCConnectionController.swift */; };
		C881CBDB2ADD24DA00C2BF26 /* NFCPOCApp.swift in Sources */ = {isa = PBXBuildFile; fileRef = C881CBDA2ADD24DA00C2BF26 /* NFCPOCApp.swift */; };
		C881CBDD2ADD24DA00C2BF26 /* ContentView.swift in Sources */ = {isa = PBXBuildFile; fileRef = C881CBDC2ADD24DA00C2BF26 /* ContentView.swift */; };
		C881CBDF2ADD24DB00C2BF26 /* Assets.xcassets in Resources */ = {isa = PBXBuildFile; fileRef = C881CBDE2ADD24DB00C2BF26 /* Assets.xcassets */; };
		C881CBE22ADD24DB00C2BF26 /* Preview Assets.xcassets in Resources */ = {isa = PBXBuildFile; fileRef = C881CBE12ADD24DB00C2BF26 /* Preview Assets.xcassets */; };
		C881CBED2ADD275D00C2BF26 /* NFCConnectionManager.swift in Sources */ = {isa = PBXBuildFile; fileRef = C881CBEC2ADD275D00C2BF26 /* NFCConnectionManager.swift */; };
		C8EE5B232AE42327002A7DEC /* NFCVersion.swift in Sources */ = {isa = PBXBuildFile; fileRef = C8EE5B222AE42327002A7DEC /* NFCVersion.swift */; };
		C8FBD4EC2AE2DF1500D6C061 /* DataExtension.swift in Sources */ = {isa = PBXBuildFile; fileRef = C8FBD4EB2AE2DF1500D6C061 /* DataExtension.swift */; };
		C8FBD4EE2AE2DF2900D6C061 /* BinaryPacket.swift in Sources */ = {isa = PBXBuildFile; fileRef = C8FBD4ED2AE2DF2900D6C061 /* BinaryPacket.swift */; };
		C8FBD4F02AE2DF5D00D6C061 /* APDU.swift in Sources */ = {isa = PBXBuildFile; fileRef = C8FBD4EF2AE2DF5D00D6C061 /* APDU.swift */; };
		C8FBD4F22AE2DF8400D6C061 /* Enums.swift in Sources */ = {isa = PBXBuildFile; fileRef = C8FBD4F12AE2DF8400D6C061 /* Enums.swift */; };
/* End PBXBuildFile section */

/* Begin PBXFileReference section */
		C83830942AE12EAF00C0BDA2 /* NFCTagDetailsView.swift */ = {isa = PBXFileReference; lastKnownFileType = sourcecode.swift; path = NFCTagDetailsView.swift; sourceTree = "<group>"; };
		C83830962AE12EBB00C0BDA2 /* NFCTagDetailsViewModel.swift */ = {isa = PBXFileReference; lastKnownFileType = sourcecode.swift; path = NFCTagDetailsViewModel.swift; sourceTree = "<group>"; };
		C83830982AE277AF00C0BDA2 /* NFCISO14443ConnectionManager.swift */ = {isa = PBXFileReference; lastKnownFileType = sourcecode.swift; path = NFCISO14443ConnectionManager.swift; sourceTree = "<group>"; };
		C838309A2AE294BC00C0BDA2 /* NFCTagDescription.swift */ = {isa = PBXFileReference; lastKnownFileType = sourcecode.swift; path = NFCTagDescription.swift; sourceTree = "<group>"; };
		C838309C2AE2972400C0BDA2 /* NFCConnectionController.swift */ = {isa = PBXFileReference; lastKnownFileType = sourcecode.swift; path = NFCConnectionController.swift; sourceTree = "<group>"; };
		C881CBD72ADD24DA00C2BF26 /* NFCPOC.app */ = {isa = PBXFileReference; explicitFileType = wrapper.application; includeInIndex = 0; path = NFCPOC.app; sourceTree = BUILT_PRODUCTS_DIR; };
		C881CBDA2ADD24DA00C2BF26 /* NFCPOCApp.swift */ = {isa = PBXFileReference; lastKnownFileType = sourcecode.swift; path = NFCPOCApp.swift; sourceTree = "<group>"; };
		C881CBDC2ADD24DA00C2BF26 /* ContentView.swift */ = {isa = PBXFileReference; lastKnownFileType = sourcecode.swift; path = ContentView.swift; sourceTree = "<group>"; };
		C881CBDE2ADD24DB00C2BF26 /* Assets.xcassets */ = {isa = PBXFileReference; lastKnownFileType = folder.assetcatalog; path = Assets.xcassets; sourceTree = "<group>"; };
		C881CBE12ADD24DB00C2BF26 /* Preview Assets.xcassets */ = {isa = PBXFileReference; lastKnownFileType = folder.assetcatalog; path = "Preview Assets.xcassets"; sourceTree = "<group>"; };
		C881CBE82ADD24F000C2BF26 /* NFCPOC.entitlements */ = {isa = PBXFileReference; lastKnownFileType = text.plist.entitlements; path = NFCPOC.entitlements; sourceTree = "<group>"; };
		C881CBE92ADD252000C2BF26 /* Info.plist */ = {isa = PBXFileReference; lastKnownFileType = text.plist; path = Info.plist; sourceTree = "<group>"; };
		C881CBEC2ADD275D00C2BF26 /* NFCConnectionManager.swift */ = {isa = PBXFileReference; lastKnownFileType = sourcecode.swift; path = NFCConnectionManager.swift; sourceTree = "<group>"; };
		C8EE5B222AE42327002A7DEC /* NFCVersion.swift */ = {isa = PBXFileReference; lastKnownFileType = sourcecode.swift; path = NFCVersion.swift; sourceTree = "<group>"; };
		C8FBD4EB2AE2DF1500D6C061 /* DataExtension.swift */ = {isa = PBXFileReference; lastKnownFileType = sourcecode.swift; path = DataExtension.swift; sourceTree = "<group>"; };
		C8FBD4ED2AE2DF2900D6C061 /* BinaryPacket.swift */ = {isa = PBXFileReference; lastKnownFileType = sourcecode.swift; path = BinaryPacket.swift; sourceTree = "<group>"; };
		C8FBD4EF2AE2DF5D00D6C061 /* APDU.swift */ = {isa = PBXFileReference; lastKnownFileType = sourcecode.swift; path = APDU.swift; sourceTree = "<group>"; };
		C8FBD4F12AE2DF8400D6C061 /* Enums.swift */ = {isa = PBXFileReference; lastKnownFileType = sourcecode.swift; path = Enums.swift; sourceTree = "<group>"; };
/* End PBXFileReference section */

/* Begin PBXFrameworksBuildPhase section */
		C881CBD42ADD24DA00C2BF26 /* Frameworks */ = {
			isa = PBXFrameworksBuildPhase;
			buildActionMask = 2147483647;
			files = (
			);
			runOnlyForDeploymentPostprocessing = 0;
		};
/* End PBXFrameworksBuildPhase section */

/* Begin PBXGroup section */
		C881CBCE2ADD24DA00C2BF26 = {
			isa = PBXGroup;
			children = (
				C881CBD92ADD24DA00C2BF26 /* NFCPOC */,
				C881CBD82ADD24DA00C2BF26 /* Products */,
			);
			sourceTree = "<group>";
		};
		C881CBD82ADD24DA00C2BF26 /* Products */ = {
			isa = PBXGroup;
			children = (
				C881CBD72ADD24DA00C2BF26 /* NFCPOC.app */,
			);
			name = Products;
			sourceTree = "<group>";
		};
		C881CBD92ADD24DA00C2BF26 /* NFCPOC */ = {
			isa = PBXGroup;
			children = (
				C8FBD4EA2AE2DEF500D6C061 /* CommandPolling */,
				C881CBE92ADD252000C2BF26 /* Info.plist */,
				C881CBE82ADD24F000C2BF26 /* NFCPOC.entitlements */,
				C881CBDA2ADD24DA00C2BF26 /* NFCPOCApp.swift */,
				C881CBDC2ADD24DA00C2BF26 /* ContentView.swift */,
				C83830942AE12EAF00C0BDA2 /* NFCTagDetailsView.swift */,
				C83830962AE12EBB00C0BDA2 /* NFCTagDetailsViewModel.swift */,
				C881CBDE2ADD24DB00C2BF26 /* Assets.xcassets */,
				C881CBE02ADD24DB00C2BF26 /* Preview Content */,
			);
			path = NFCPOC;
			sourceTree = "<group>";
		};
		C881CBE02ADD24DB00C2BF26 /* Preview Content */ = {
			isa = PBXGroup;
			children = (
				C881CBE12ADD24DB00C2BF26 /* Preview Assets.xcassets */,
			);
			path = "Preview Content";
			sourceTree = "<group>";
		};
		C8FBD4EA2AE2DEF500D6C061 /* CommandPolling */ = {
			isa = PBXGroup;
			children = (
				C881CBEC2ADD275D00C2BF26 /* NFCConnectionManager.swift */,
				C83830982AE277AF00C0BDA2 /* NFCISO14443ConnectionManager.swift */,
				C838309A2AE294BC00C0BDA2 /* NFCTagDescription.swift */,
				C838309C2AE2972400C0BDA2 /* NFCConnectionController.swift */,
				C8FBD4EB2AE2DF1500D6C061 /* DataExtension.swift */,
				C8FBD4ED2AE2DF2900D6C061 /* BinaryPacket.swift */,
				C8FBD4EF2AE2DF5D00D6C061 /* APDU.swift */,
				C8FBD4F12AE2DF8400D6C061 /* Enums.swift */,
				C8EE5B222AE42327002A7DEC /* NFCVersion.swift */,
			);
			path = CommandPolling;
			sourceTree = "<group>";
		};
/* End PBXGroup section */

/* Begin PBXNativeTarget section */
		C881CBD62ADD24DA00C2BF26 /* NFCPOC */ = {
			isa = PBXNativeTarget;
			buildConfigurationList = C881CBE52ADD24DB00C2BF26 /* Build configuration list for PBXNativeTarget "NFCPOC" */;
			buildPhases = (
				C881CBD32ADD24DA00C2BF26 /* Sources */,
				C881CBD42ADD24DA00C2BF26 /* Frameworks */,
				C881CBD52ADD24DA00C2BF26 /* Resources */,
			);
			buildRules = (
			);
			dependencies = (
			);
			name = NFCPOC;
			productName = NFCPOC;
			productReference = C881CBD72ADD24DA00C2BF26 /* NFCPOC.app */;
			productType = "com.apple.product-type.application";
		};
/* End PBXNativeTarget section */

/* Begin PBXProject section */
		C881CBCF2ADD24DA00C2BF26 /* Project object */ = {
			isa = PBXProject;
			attributes = {
				BuildIndependentTargetsInParallel = 1;
				LastSwiftUpdateCheck = 1500;
				LastUpgradeCheck = 1500;
				TargetAttributes = {
					C881CBD62ADD24DA00C2BF26 = {
						CreatedOnToolsVersion = 15.0;
					};
				};
			};
			buildConfigurationList = C881CBD22ADD24DA00C2BF26 /* Build configuration list for PBXProject "NFCPOC" */;
			compatibilityVersion = "Xcode 14.0";
			developmentRegion = en;
			hasScannedForEncodings = 0;
			knownRegions = (
				en,
				Base,
			);
			mainGroup = C881CBCE2ADD24DA00C2BF26;
			productRefGroup = C881CBD82ADD24DA00C2BF26 /* Products */;
			projectDirPath = "";
			projectRoot = "";
			targets = (
				C881CBD62ADD24DA00C2BF26 /* NFCPOC */,
			);
		};
/* End PBXProject section */

/* Begin PBXResourcesBuildPhase section */
		C881CBD52ADD24DA00C2BF26 /* Resources */ = {
			isa = PBXResourcesBuildPhase;
			buildActionMask = 2147483647;
			files = (
				C881CBE22ADD24DB00C2BF26 /* Preview Assets.xcassets in Resources */,
				C881CBDF2ADD24DB00C2BF26 /* Assets.xcassets in Resources */,
			);
			runOnlyForDeploymentPostprocessing = 0;
		};
/* End PBXResourcesBuildPhase section */

/* Begin PBXSourcesBuildPhase section */
		C881CBD32ADD24DA00C2BF26 /* Sources */ = {
			isa = PBXSourcesBuildPhase;
			buildActionMask = 2147483647;
			files = (
				C83830992AE277AF00C0BDA2 /* NFCISO14443ConnectionManager.swift in Sources */,
				C838309B2AE294BC00C0BDA2 /* NFCTagDescription.swift in Sources */,
				C881CBDD2ADD24DA00C2BF26 /* ContentView.swift in Sources */,
				C838309D2AE2972400C0BDA2 /* NFCConnectionController.swift in Sources */,
				C83830972AE12EBB00C0BDA2 /* NFCTagDetailsViewModel.swift in Sources */,
				C881CBDB2ADD24DA00C2BF26 /* NFCPOCApp.swift in Sources */,
				C8FBD4EE2AE2DF2900D6C061 /* BinaryPacket.swift in Sources */,
				C83830952AE12EAF00C0BDA2 /* NFCTagDetailsView.swift in Sources */,
				C8FBD4EC2AE2DF1500D6C061 /* DataExtension.swift in Sources */,
				C881CBED2ADD275D00C2BF26 /* NFCConnectionManager.swift in Sources */,
				C8FBD4F22AE2DF8400D6C061 /* Enums.swift in Sources */,
				C8FBD4F02AE2DF5D00D6C061 /* APDU.swift in Sources */,
				C8EE5B232AE42327002A7DEC /* NFCVersion.swift in Sources */,
			);
			runOnlyForDeploymentPostprocessing = 0;
		};
/* End PBXSourcesBuildPhase section */

/* Begin XCBuildConfiguration section */
		C881CBE32ADD24DB00C2BF26 /* Debug */ = {
			isa = XCBuildConfiguration;
			buildSettings = {
				ALWAYS_SEARCH_USER_PATHS = NO;
				ASSETCATALOG_COMPILER_GENERATE_SWIFT_ASSET_SYMBOL_EXTENSIONS = YES;
				CLANG_ANALYZER_NONNULL = YES;
				CLANG_ANALYZER_NUMBER_OBJECT_CONVERSION = YES_AGGRESSIVE;
				CLANG_CXX_LANGUAGE_STANDARD = "gnu++20";
				CLANG_ENABLE_MODULES = YES;
				CLANG_ENABLE_OBJC_ARC = YES;
				CLANG_ENABLE_OBJC_WEAK = YES;
				CLANG_WARN_BLOCK_CAPTURE_AUTORELEASING = YES;
				CLANG_WARN_BOOL_CONVERSION = YES;
				CLANG_WARN_COMMA = YES;
				CLANG_WARN_CONSTANT_CONVERSION = YES;
				CLANG_WARN_DEPRECATED_OBJC_IMPLEMENTATIONS = YES;
				CLANG_WARN_DIRECT_OBJC_ISA_USAGE = YES_ERROR;
				CLANG_WARN_DOCUMENTATION_COMMENTS = YES;
				CLANG_WARN_EMPTY_BODY = YES;
				CLANG_WARN_ENUM_CONVERSION = YES;
				CLANG_WARN_INFINITE_RECURSION = YES;
				CLANG_WARN_INT_CONVERSION = YES;
				CLANG_WARN_NON_LITERAL_NULL_CONVERSION = YES;
				CLANG_WARN_OBJC_IMPLICIT_RETAIN_SELF = YES;
				CLANG_WARN_OBJC_LITERAL_CONVERSION = YES;
				CLANG_WARN_OBJC_ROOT_CLASS = YES_ERROR;
				CLANG_WARN_QUOTED_INCLUDE_IN_FRAMEWORK_HEADER = YES;
				CLANG_WARN_RANGE_LOOP_ANALYSIS = YES;
				CLANG_WARN_STRICT_PROTOTYPES = YES;
				CLANG_WARN_SUSPICIOUS_MOVE = YES;
				CLANG_WARN_UNGUARDED_AVAILABILITY = YES_AGGRESSIVE;
				CLANG_WARN_UNREACHABLE_CODE = YES;
				CLANG_WARN__DUPLICATE_METHOD_MATCH = YES;
				COPY_PHASE_STRIP = NO;
				DEBUG_INFORMATION_FORMAT = dwarf;
				ENABLE_STRICT_OBJC_MSGSEND = YES;
				ENABLE_TESTABILITY = YES;
				ENABLE_USER_SCRIPT_SANDBOXING = YES;
				GCC_C_LANGUAGE_STANDARD = gnu17;
				GCC_DYNAMIC_NO_PIC = NO;
				GCC_NO_COMMON_BLOCKS = YES;
				GCC_OPTIMIZATION_LEVEL = 0;
				GCC_PREPROCESSOR_DEFINITIONS = (
					"DEBUG=1",
					"$(inherited)",
				);
				GCC_WARN_64_TO_32_BIT_CONVERSION = YES;
				GCC_WARN_ABOUT_RETURN_TYPE = YES_ERROR;
				GCC_WARN_UNDECLARED_SELECTOR = YES;
				GCC_WARN_UNINITIALIZED_AUTOS = YES_AGGRESSIVE;
				GCC_WARN_UNUSED_FUNCTION = YES;
				GCC_WARN_UNUSED_VARIABLE = YES;
				IPHONEOS_DEPLOYMENT_TARGET = 17.0;
				LOCALIZATION_PREFERS_STRING_CATALOGS = YES;
				MTL_ENABLE_DEBUG_INFO = INCLUDE_SOURCE;
				MTL_FAST_MATH = YES;
				ONLY_ACTIVE_ARCH = YES;
				SDKROOT = iphoneos;
				SWIFT_ACTIVE_COMPILATION_CONDITIONS = "DEBUG $(inherited)";
				SWIFT_OPTIMIZATION_LEVEL = "-Onone";
			};
			name = Debug;
		};
		C881CBE42ADD24DB00C2BF26 /* Release */ = {
			isa = XCBuildConfiguration;
			buildSettings = {
				ALWAYS_SEARCH_USER_PATHS = NO;
				ASSETCATALOG_COMPILER_GENERATE_SWIFT_ASSET_SYMBOL_EXTENSIONS = YES;
				CLANG_ANALYZER_NONNULL = YES;
				CLANG_ANALYZER_NUMBER_OBJECT_CONVERSION = YES_AGGRESSIVE;
				CLANG_CXX_LANGUAGE_STANDARD = "gnu++20";
				CLANG_ENABLE_MODULES = YES;
				CLANG_ENABLE_OBJC_ARC = YES;
				CLANG_ENABLE_OBJC_WEAK = YES;
				CLANG_WARN_BLOCK_CAPTURE_AUTORELEASING = YES;
				CLANG_WARN_BOOL_CONVERSION = YES;
				CLANG_WARN_COMMA = YES;
				CLANG_WARN_CONSTANT_CONVERSION = YES;
				CLANG_WARN_DEPRECATED_OBJC_IMPLEMENTATIONS = YES;
				CLANG_WARN_DIRECT_OBJC_ISA_USAGE = YES_ERROR;
				CLANG_WARN_DOCUMENTATION_COMMENTS = YES;
				CLANG_WARN_EMPTY_BODY = YES;
				CLANG_WARN_ENUM_CONVERSION = YES;
				CLANG_WARN_INFINITE_RECURSION = YES;
				CLANG_WARN_INT_CONVERSION = YES;
				CLANG_WARN_NON_LITERAL_NULL_CONVERSION = YES;
				CLANG_WARN_OBJC_IMPLICIT_RETAIN_SELF = YES;
				CLANG_WARN_OBJC_LITERAL_CONVERSION = YES;
				CLANG_WARN_OBJC_ROOT_CLASS = YES_ERROR;
				CLANG_WARN_QUOTED_INCLUDE_IN_FRAMEWORK_HEADER = YES;
				CLANG_WARN_RANGE_LOOP_ANALYSIS = YES;
				CLANG_WARN_STRICT_PROTOTYPES = YES;
				CLANG_WARN_SUSPICIOUS_MOVE = YES;
				CLANG_WARN_UNGUARDED_AVAILABILITY = YES_AGGRESSIVE;
				CLANG_WARN_UNREACHABLE_CODE = YES;
				CLANG_WARN__DUPLICATE_METHOD_MATCH = YES;
				COPY_PHASE_STRIP = NO;
				DEBUG_INFORMATION_FORMAT = "dwarf-with-dsym";
				ENABLE_NS_ASSERTIONS = NO;
				ENABLE_STRICT_OBJC_MSGSEND = YES;
				ENABLE_USER_SCRIPT_SANDBOXING = YES;
				GCC_C_LANGUAGE_STANDARD = gnu17;
				GCC_NO_COMMON_BLOCKS = YES;
				GCC_WARN_64_TO_32_BIT_CONVERSION = YES;
				GCC_WARN_ABOUT_RETURN_TYPE = YES_ERROR;
				GCC_WARN_UNDECLARED_SELECTOR = YES;
				GCC_WARN_UNINITIALIZED_AUTOS = YES_AGGRESSIVE;
				GCC_WARN_UNUSED_FUNCTION = YES;
				GCC_WARN_UNUSED_VARIABLE = YES;
				IPHONEOS_DEPLOYMENT_TARGET = 17.0;
				LOCALIZATION_PREFERS_STRING_CATALOGS = YES;
				MTL_ENABLE_DEBUG_INFO = NO;
				MTL_FAST_MATH = YES;
				SDKROOT = iphoneos;
				SWIFT_COMPILATION_MODE = wholemodule;
				VALIDATE_PRODUCT = YES;
			};
			name = Release;
		};
		C881CBE62ADD24DB00C2BF26 /* Debug */ = {
			isa = XCBuildConfiguration;
			buildSettings = {
				ASSETCATALOG_COMPILER_APPICON_NAME = AppIcon;
				ASSETCATALOG_COMPILER_GLOBAL_ACCENT_COLOR_NAME = AccentColor;
				CODE_SIGN_ENTITLEMENTS = NFCPOC/NFCPOC.entitlements;
				"CODE_SIGN_IDENTITY[sdk=iphoneos*]" = "iPhone Developer";
				CODE_SIGN_STYLE = Manual;
				CURRENT_PROJECT_VERSION = 1;
				DEVELOPMENT_ASSET_PATHS = "\"NFCPOC/Preview Content\"";
				DEVELOPMENT_TEAM = "";
				"DEVELOPMENT_TEAM[sdk=iphoneos*]" = S2ZMFGQM93;
				ENABLE_PREVIEWS = YES;
				GENERATE_INFOPLIST_FILE = YES;
				INFOPLIST_FILE = NFCPOC/Info.plist;
				INFOPLIST_KEY_UIApplicationSceneManifest_Generation = YES;
				INFOPLIST_KEY_UIApplicationSupportsIndirectInputEvents = YES;
				INFOPLIST_KEY_UILaunchScreen_Generation = YES;
				INFOPLIST_KEY_UISupportedInterfaceOrientations_iPad = "UIInterfaceOrientationPortrait UIInterfaceOrientationPortraitUpsideDown UIInterfaceOrientationLandscapeLeft UIInterfaceOrientationLandscapeRight";
				INFOPLIST_KEY_UISupportedInterfaceOrientations_iPhone = "UIInterfaceOrientationPortrait UIInterfaceOrientationLandscapeLeft UIInterfaceOrientationLandscapeRight";
				LD_RUNPATH_SEARCH_PATHS = (
					"$(inherited)",
					"@executable_path/Frameworks",
				);
				MARKETING_VERSION = 1.0;
				PRODUCT_BUNDLE_IDENTIFIER = "com.air-watch.pivd";
				PRODUCT_NAME = "$(TARGET_NAME)";
				PROVISIONING_PROFILE_SPECIFIER = "";
				"PROVISIONING_PROFILE_SPECIFIER[sdk=iphoneos*]" = "VMware PIVD Development";
				SWIFT_EMIT_LOC_STRINGS = YES;
				SWIFT_VERSION = 5.0;
				TARGETED_DEVICE_FAMILY = "1,2";
			};
			name = Debug;
		};
		C881CBE72ADD24DB00C2BF26 /* Release */ = {
			isa = XCBuildConfiguration;
			buildSettings = {
				ASSETCATALOG_COMPILER_APPICON_NAME = AppIcon;
				ASSETCATALOG_COMPILER_GLOBAL_ACCENT_COLOR_NAME = AccentColor;
				CODE_SIGN_ENTITLEMENTS = NFCPOC/NFCPOC.entitlements;
				"CODE_SIGN_IDENTITY[sdk=iphoneos*]" = "iPhone Developer";
				CODE_SIGN_STYLE = Manual;
				CURRENT_PROJECT_VERSION = 1;
				DEVELOPMENT_ASSET_PATHS = "\"NFCPOC/Preview Content\"";
				DEVELOPMENT_TEAM = "";
				"DEVELOPMENT_TEAM[sdk=iphoneos*]" = S2ZMFGQM93;
				ENABLE_PREVIEWS = YES;
				GENERATE_INFOPLIST_FILE = YES;
				INFOPLIST_FILE = NFCPOC/Info.plist;
				INFOPLIST_KEY_UIApplicationSceneManifest_Generation = YES;
				INFOPLIST_KEY_UIApplicationSupportsIndirectInputEvents = YES;
				INFOPLIST_KEY_UILaunchScreen_Generation = YES;
				INFOPLIST_KEY_UISupportedInterfaceOrientations_iPad = "UIInterfaceOrientationPortrait UIInterfaceOrientationPortraitUpsideDown UIInterfaceOrientationLandscapeLeft UIInterfaceOrientationLandscapeRight";
				INFOPLIST_KEY_UISupportedInterfaceOrientations_iPhone = "UIInterfaceOrientationPortrait UIInterfaceOrientationLandscapeLeft UIInterfaceOrientationLandscapeRight";
				LD_RUNPATH_SEARCH_PATHS = (
					"$(inherited)",
					"@executable_path/Frameworks",
				);
				MARKETING_VERSION = 1.0;
				PRODUCT_BUNDLE_IDENTIFIER = "com.air-watch.pivd";
				PRODUCT_NAME = "$(TARGET_NAME)";
				PROVISIONING_PROFILE_SPECIFIER = "";
				"PROVISIONING_PROFILE_SPECIFIER[sdk=iphoneos*]" = "VMware PIVD Development";
				SWIFT_EMIT_LOC_STRINGS = YES;
				SWIFT_VERSION = 5.0;
				TARGETED_DEVICE_FAMILY = "1,2";
			};
			name = Release;
		};
/* End XCBuildConfiguration section */

/* Begin XCConfigurationList section */
		C881CBD22ADD24DA00C2BF26 /* Build configuration list for PBXProject "NFCPOC" */ = {
			isa = XCConfigurationList;
			buildConfigurations = (
				C881CBE32ADD24DB00C2BF26 /* Debug */,
				C881CBE42ADD24DB00C2BF26 /* Release */,
			);
			defaultConfigurationIsVisible = 0;
			defaultConfigurationName = Release;
		};
		C881CBE52ADD24DB00C2BF26 /* Build configuration list for PBXNativeTarget "NFCPOC" */ = {
			isa = XCConfigurationList;
			buildConfigurations = (
				C881CBE62ADD24DB00C2BF26 /* Debug */,
				C881CBE72ADD24DB00C2BF26 /* Release */,
			);
			defaultConfigurationIsVisible = 0;
			defaultConfigurationName = Release;
		};
/* End XCConfigurationList section */
	};
	rootObject = C881CBCF2ADD24DA00C2BF26 /* Project object */;
}
