PODS:
  - CoreHelpers (1.0.0)

DEPENDENCIES:
  - CoreHelpers (from `../../CoreHelpers`)

EXTERNAL SOURCES:
  CoreHelpers:
    :path: "../../CoreHelpers"

SPEC CHECKSUMS:
  CoreHelpers: 3f1a56875196cc8983391531ef688f54d07eb6b3

PODFILE CHECKSUM: 3332bae26588ec5c1de2a357cb37d413fe1aad25

COCOAPODS: 1.16.2
